// !$*UTF8*$!
{
	archiveVersion = 1;
	classes = {
	};
	objectVersion = 48;
	objects = {

/* Begin PBXBuildFile section */
		C31BC28A2021219A0035FC54 /* AppDelegate.swift in Sources */ = {isa = PBXBuildFile; fileRef = C31BC2892021219A0035FC54 /* AppDelegate.swift */; };
		C31BC28C2021219A0035FC54 /* MasterViewController.swift in Sources */ = {isa = PBXBuildFile; fileRef = C31BC28B2021219A0035FC54 /* MasterViewController.swift */; };
		C31BC28E2021219A0035FC54 /* DetailViewController.swift in Sources */ = {isa = PBXBuildFile; fileRef = C31BC28D2021219A0035FC54 /* DetailViewController.swift */; };
		C31BC2912021219A0035FC54 /* Main.storyboard in Resources */ = {isa = PBXBuildFile; fileRef = C31BC28F2021219A0035FC54 /* Main.storyboard */; };
		C31BC2932021219A0035FC54 /* Assets.xcassets in Resources */ = {isa = PBXBuildFile; fileRef = C31BC2922021219A0035FC54 /* Assets.xcassets */; };
		C31BC2962021219A0035FC54 /* LaunchScreen.storyboard in Resources */ = {isa = PBXBuildFile; fileRef = C31BC2942021219A0035FC54 /* LaunchScreen.storyboard */; };
		C31BC2A12021219A0035FC54 /* muroTests.swift in Sources */ = {isa = PBXBuildFile; fileRef = C31BC2A02021219A0035FC54 /* muroTests.swift */; };
		C31BC2AC2021219A0035FC54 /* muroUITests.swift in Sources */ = {isa = PBXBuildFile; fileRef = C31BC2AB2021219A0035FC54 /* muroUITests.swift */; };
		C3C9CE99202258590081DDDC /* TableViewCell.swift in Sources */ = {isa = PBXBuildFile; fileRef = C3C9CE98202258590081DDDC /* TableViewCell.swift */; };
/* End PBXBuildFile section */

/* Begin PBXContainerItemProxy section */
		C31BC29D2021219A0035FC54 /* PBXContainerItemProxy */ = {
			isa = PBXContainerItemProxy;
			containerPortal = C31BC27E2021219A0035FC54 /* Project object */;
			proxyType = 1;
			remoteGlobalIDString = C31BC2852021219A0035FC54;
			remoteInfo = muro;
		};
		C31BC2A82021219A0035FC54 /* PBXContainerItemProxy */ = {
			isa = PBXContainerItemProxy;
			containerPortal = C31BC27E2021219A0035FC54 /* Project object */;
			proxyType = 1;
			remoteGlobalIDString = C31BC2852021219A0035FC54;
			remoteInfo = muro;
		};
/* End PBXContainerItemProxy section */

/* Begin PBXFileReference section */
		C31BC2862021219A0035FC54 /* muro.app */ = {isa = PBXFileReference; explicitFileType = wrapper.application; includeInIndex = 0; path = muro.app; sourceTree = BUILT_PRODUCTS_DIR; };
		C31BC2892021219A0035FC54 /* AppDelegate.swift */ = {isa = PBXFileReference; lastKnownFileType = sourcecode.swift; path = AppDelegate.swift; sourceTree = "<group>"; };
		C31BC28B2021219A0035FC54 /* MasterViewController.swift */ = {isa = PBXFileReference; lastKnownFileType = sourcecode.swift; path = MasterViewController.swift; sourceTree = "<group>"; };
		C31BC28D2021219A0035FC54 /* DetailViewController.swift */ = {isa = PBXFileReference; lastKnownFileType = sourcecode.swift; path = DetailViewController.swift; sourceTree = "<group>"; };
		C31BC2902021219A0035FC54 /* Base */ = {isa = PBXFileReference; lastKnownFileType = file.storyboard; name = Base; path = Base.lproj/Main.storyboard; sourceTree = "<group>"; };
		C31BC2922021219A0035FC54 /* Assets.xcassets */ = {isa = PBXFileReference; lastKnownFileType = folder.assetcatalog; path = Assets.xcassets; sourceTree = "<group>"; };
		C31BC2952021219A0035FC54 /* Base */ = {isa = PBXFileReference; lastKnownFileType = file.storyboard; name = Base; path = Base.lproj/LaunchScreen.storyboard; sourceTree = "<group>"; };
		C31BC2972021219A0035FC54 /* Info.plist */ = {isa = PBXFileReference; lastKnownFileType = text.plist.xml; path = Info.plist; sourceTree = "<group>"; };
		C31BC29C2021219A0035FC54 /* muroTests.xctest */ = {isa = PBXFileReference; explicitFileType = wrapper.cfbundle; includeInIndex = 0; path = muroTests.xctest; sourceTree = BUILT_PRODUCTS_DIR; };
		C31BC2A02021219A0035FC54 /* muroTests.swift */ = {isa = PBXFileReference; lastKnownFileType = sourcecode.swift; path = muroTests.swift; sourceTree = "<group>"; };
		C31BC2A22021219A0035FC54 /* Info.plist */ = {isa = PBXFileReference; lastKnownFileType = text.plist.xml; path = Info.plist; sourceTree = "<group>"; };
		C31BC2A72021219A0035FC54 /* muroUITests.xctest */ = {isa = PBXFileReference; explicitFileType = wrapper.cfbundle; includeInIndex = 0; path = muroUITests.xctest; sourceTree = BUILT_PRODUCTS_DIR; };
		C31BC2AB2021219A0035FC54 /* muroUITests.swift */ = {isa = PBXFileReference; lastKnownFileType = sourcecode.swift; path = muroUITests.swift; sourceTree = "<group>"; };
		C31BC2AD2021219A0035FC54 /* Info.plist */ = {isa = PBXFileReference; lastKnownFileType = text.plist.xml; path = Info.plist; sourceTree = "<group>"; };
		C3C9CE98202258590081DDDC /* TableViewCell.swift */ = {isa = PBXFileReference; lastKnownFileType = sourcecode.swift; path = TableViewCell.swift; sourceTree = "<group>"; };
/* End PBXFileReference section */

/* Begin PBXFrameworksBuildPhase section */
		C31BC2832021219A0035FC54 /* Frameworks */ = {
			isa = PBXFrameworksBuildPhase;
			buildActionMask = 2147483647;
			files = (
			);
			runOnlyForDeploymentPostprocessing = 0;
		};
		C31BC2992021219A0035FC54 /* Frameworks */ = {
			isa = PBXFrameworksBuildPhase;
			buildActionMask = 2147483647;
			files = (
			);
			runOnlyForDeploymentPostprocessing = 0;
		};
		C31BC2A42021219A0035FC54 /* Frameworks */ = {
			isa = PBXFrameworksBuildPhase;
			buildActionMask = 2147483647;
			files = (
			);
			runOnlyForDeploymentPostprocessing = 0;
		};
/* End PBXFrameworksBuildPhase section */

/* Begin PBXGroup section */
		C31BC27D2021219A0035FC54 = {
			isa = PBXGroup;
			children = (
				C31BC2882021219A0035FC54 /* muro */,
				C31BC29F2021219A0035FC54 /* muroTests */,
				C31BC2AA2021219A0035FC54 /* muroUITests */,
				C31BC2872021219A0035FC54 /* Products */,
			);
			sourceTree = "<group>";
		};
		C31BC2872021219A0035FC54 /* Products */ = {
			isa = PBXGroup;
			children = (
				C31BC2862021219A0035FC54 /* muro.app */,
				C31BC29C2021219A0035FC54 /* muroTests.xctest */,
				C31BC2A72021219A0035FC54 /* muroUITests.xctest */,
			);
			name = Products;
			sourceTree = "<group>";
		};
		C31BC2882021219A0035FC54 /* muro */ = {
			isa = PBXGroup;
			children = (
				C31BC2892021219A0035FC54 /* AppDelegate.swift */,
				C31BC28B2021219A0035FC54 /* MasterViewController.swift */,
				C31BC28D2021219A0035FC54 /* DetailViewController.swift */,
				C31BC28F2021219A0035FC54 /* Main.storyboard */,
				C31BC2922021219A0035FC54 /* Assets.xcassets */,
				C31BC2942021219A0035FC54 /* LaunchScreen.storyboard */,
				C31BC2972021219A0035FC54 /* Info.plist */,
				C3C9CE98202258590081DDDC /* TableViewCell.swift */,
			);
			path = muro;
			sourceTree = "<group>";
		};
		C31BC29F2021219A0035FC54 /* muroTests */ = {
			isa = PBXGroup;
			children = (
				C31BC2A02021219A0035FC54 /* muroTests.swift */,
				C31BC2A22021219A0035FC54 /* Info.plist */,
			);
			path = muroTests;
			sourceTree = "<group>";
		};
		C31BC2AA2021219A0035FC54 /* muroUITests */ = {
			isa = PBXGroup;
			children = (
				C31BC2AB2021219A0035FC54 /* muroUITests.swift */,
				C31BC2AD2021219A0035FC54 /* Info.plist */,
			);
			path = muroUITests;
			sourceTree = "<group>";
		};
/* End PBXGroup section */

/* Begin PBXNativeTarget section */
		C31BC2852021219A0035FC54 /* muro */ = {
			isa = PBXNativeTarget;
			buildConfigurationList = C31BC2B02021219A0035FC54 /* Build configuration list for PBXNativeTarget "muro" */;
			buildPhases = (
				C31BC2822021219A0035FC54 /* Sources */,
				C31BC2832021219A0035FC54 /* Frameworks */,
				C31BC2842021219A0035FC54 /* Resources */,
			);
			buildRules = (
			);
			dependencies = (
			);
			name = muro;
			productName = muro;
			productReference = C31BC2862021219A0035FC54 /* muro.app */;
			productType = "com.apple.product-type.application";
		};
		C31BC29B2021219A0035FC54 /* muroTests */ = {
			isa = PBXNativeTarget;
			buildConfigurationList = C31BC2B32021219A0035FC54 /* Build configuration list for PBXNativeTarget "muroTests" */;
			buildPhases = (
				C31BC2982021219A0035FC54 /* Sources */,
				C31BC2992021219A0035FC54 /* Frameworks */,
				C31BC29A2021219A0035FC54 /* Resources */,
			);
			buildRules = (
			);
			dependencies = (
				C31BC29E2021219A0035FC54 /* PBXTargetDependency */,
			);
			name = muroTests;
			productName = muroTests;
			productReference = C31BC29C2021219A0035FC54 /* muroTests.xctest */;
			productType = "com.apple.product-type.bundle.unit-test";
		};
		C31BC2A62021219A0035FC54 /* muroUITests */ = {
			isa = PBXNativeTarget;
			buildConfigurationList = C31BC2B62021219A0035FC54 /* Build configuration list for PBXNativeTarget "muroUITests" */;
			buildPhases = (
				C31BC2A32021219A0035FC54 /* Sources */,
				C31BC2A42021219A0035FC54 /* Frameworks */,
				C31BC2A52021219A0035FC54 /* Resources */,
			);
			buildRules = (
			);
			dependencies = (
				C31BC2A92021219A0035FC54 /* PBXTargetDependency */,
			);
			name = muroUITests;
			productName = muroUITests;
			productReference = C31BC2A72021219A0035FC54 /* muroUITests.xctest */;
			productType = "com.apple.product-type.bundle.ui-testing";
		};
/* End PBXNativeTarget section */

/* Begin PBXProject section */
		C31BC27E2021219A0035FC54 /* Project object */ = {
			isa = PBXProject;
			attributes = {
				LastSwiftUpdateCheck = 0920;
				LastUpgradeCheck = 0920;
				ORGANIZATIONNAME = "Arturo Sanhueza";
				TargetAttributes = {
					C31BC2852021219A0035FC54 = {
						CreatedOnToolsVersion = 9.2;
						ProvisioningStyle = Automatic;
					};
					C31BC29B2021219A0035FC54 = {
						CreatedOnToolsVersion = 9.2;
						ProvisioningStyle = Automatic;
						TestTargetID = C31BC2852021219A0035FC54;
					};
					C31BC2A62021219A0035FC54 = {
						CreatedOnToolsVersion = 9.2;
						ProvisioningStyle = Automatic;
						TestTargetID = C31BC2852021219A0035FC54;
					};
				};
			};
			buildConfigurationList = C31BC2812021219A0035FC54 /* Build configuration list for PBXProject "muro" */;
			compatibilityVersion = "Xcode 8.0";
			developmentRegion = en;
			hasScannedForEncodings = 0;
			knownRegions = (
				en,
				Base,
			);
			mainGroup = C31BC27D2021219A0035FC54;
			productRefGroup = C31BC2872021219A0035FC54 /* Products */;
			projectDirPath = "";
			projectRoot = "";
			targets = (
				C31BC2852021219A0035FC54 /* muro */,
				C31BC29B2021219A0035FC54 /* muroTests */,
				C31BC2A62021219A0035FC54 /* muroUITests */,
			);
		};
/* End PBXProject section */

/* Begin PBXResourcesBuildPhase section */
		C31BC2842021219A0035FC54 /* Resources */ = {
			isa = PBXResourcesBuildPhase;
			buildActionMask = 2147483647;
			files = (
				C31BC2962021219A0035FC54 /* LaunchScreen.storyboard in Resources */,
				C31BC2932021219A0035FC54 /* Assets.xcassets in Resources */,
				C31BC2912021219A0035FC54 /* Main.storyboard in Resources */,
			);
			runOnlyForDeploymentPostprocessing = 0;
		};
		C31BC29A2021219A0035FC54 /* Resources */ = {
			isa = PBXResourcesBuildPhase;
			buildActionMask = 2147483647;
			files = (
			);
			runOnlyForDeploymentPostprocessing = 0;
		};
		C31BC2A52021219A0035FC54 /* Resources */ = {
			isa = PBXResourcesBuildPhase;
			buildActionMask = 2147483647;
			files = (
			);
			runOnlyForDeploymentPostprocessing = 0;
		};
/* End PBXResourcesBuildPhase section */

/* Begin PBXSourcesBuildPhase section */
		C31BC2822021219A0035FC54 /* Sources */ = {
			isa = PBXSourcesBuildPhase;
			buildActionMask = 2147483647;
			files = (
				C31BC28E2021219A0035FC54 /* DetailViewController.swift in Sources */,
				C3C9CE99202258590081DDDC /* TableViewCell.swift in Sources */,
				C31BC28C2021219A0035FC54 /* MasterViewController.swift in Sources */,
				C31BC28A2021219A0035FC54 /* AppDelegate.swift in Sources */,
			);
			runOnlyForDeploymentPostprocessing = 0;
		};
		C31BC2982021219A0035FC54 /* Sources */ = {
			isa = PBXSourcesBuildPhase;
			buildActionMask = 2147483647;
			files = (
				C31BC2A12021219A0035FC54 /* muroTests.swift in Sources */,
			);
			runOnlyForDeploymentPostprocessing = 0;
		};
		C31BC2A32021219A0035FC54 /* Sources */ = {
			isa = PBXSourcesBuildPhase;
			buildActionMask = 2147483647;
			files = (
				C31BC2AC2021219A0035FC54 /* muroUITests.swift in Sources */,
			);
			runOnlyForDeploymentPostprocessing = 0;
		};
/* End PBXSourcesBuildPhase section */

/* Begin PBXTargetDependency section */
		C31BC29E2021219A0035FC54 /* PBXTargetDependency */ = {
			isa = PBXTargetDependency;
			target = C31BC2852021219A0035FC54 /* muro */;
			targetProxy = C31BC29D2021219A0035FC54 /* PBXContainerItemProxy */;
		};
		C31BC2A92021219A0035FC54 /* PBXTargetDependency */ = {
			isa = PBXTargetDependency;
			target = C31BC2852021219A0035FC54 /* muro */;
			targetProxy = C31BC2A82021219A0035FC54 /* PBXContainerItemProxy */;
		};
/* End PBXTargetDependency section */

/* Begin PBXVariantGroup section */
		C31BC28F2021219A0035FC54 /* Main.storyboard */ = {
			isa = PBXVariantGroup;
			children = (
				C31BC2902021219A0035FC54 /* Base */,
			);
			name = Main.storyboard;
			sourceTree = "<group>";
		};
		C31BC2942021219A0035FC54 /* LaunchScreen.storyboard */ = {
			isa = PBXVariantGroup;
			children = (
				C31BC2952021219A0035FC54 /* Base */,
			);
			name = LaunchScreen.storyboard;
			sourceTree = "<group>";
		};
/* End PBXVariantGroup section */

/* Begin XCBuildConfiguration section */
		C31BC2AE2021219A0035FC54 /* Debug */ = {
			isa = XCBuildConfiguration;
			buildSettings = {
				ALWAYS_SEARCH_USER_PATHS = NO;
				CLANG_ANALYZER_NONNULL = YES;
				CLANG_ANALYZER_NUMBER_OBJECT_CONVERSION = YES_AGGRESSIVE;
				CLANG_CXX_LANGUAGE_STANDARD = "gnu++14";
				CLANG_CXX_LIBRARY = "libc++";
				CLANG_ENABLE_MODULES = YES;
				CLANG_ENABLE_OBJC_ARC = YES;
				CLANG_WARN_BLOCK_CAPTURE_AUTORELEASING = YES;
				CLANG_WARN_BOOL_CONVERSION = YES;
				CLANG_WARN_COMMA = YES;
				CLANG_WARN_CONSTANT_CONVERSION = YES;
				CLANG_WARN_DIRECT_OBJC_ISA_USAGE = YES_ERROR;
				CLANG_WARN_DOCUMENTATION_COMMENTS = YES;
				CLANG_WARN_EMPTY_BODY = YES;
				CLANG_WARN_ENUM_CONVERSION = YES;
				CLANG_WARN_INFINITE_RECURSION = YES;
				CLANG_WARN_INT_CONVERSION = YES;
				CLANG_WARN_NON_LITERAL_NULL_CONVERSION = YES;
				CLANG_WARN_OBJC_LITERAL_CONVERSION = YES;
				CLANG_WARN_OBJC_ROOT_CLASS = YES_ERROR;
				CLANG_WARN_RANGE_LOOP_ANALYSIS = YES;
				CLANG_WARN_STRICT_PROTOTYPES = YES;
				CLANG_WARN_SUSPICIOUS_MOVE = YES;
				CLANG_WARN_UNGUARDED_AVAILABILITY = YES_AGGRESSIVE;
				CLANG_WARN_UNREACHABLE_CODE = YES;
				CLANG_WARN__DUPLICATE_METHOD_MATCH = YES;
				CODE_SIGN_IDENTITY = "iPhone Developer";
				COPY_PHASE_STRIP = NO;
				DEBUG_INFORMATION_FORMAT = dwarf;
				ENABLE_STRICT_OBJC_MSGSEND = YES;
				ENABLE_TESTABILITY = YES;
				GCC_C_LANGUAGE_STANDARD = gnu11;
				GCC_DYNAMIC_NO_PIC = NO;
				GCC_NO_COMMON_BLOCKS = YES;
				GCC_OPTIMIZATION_LEVEL = 0;
				GCC_PREPROCESSOR_DEFINITIONS = (
					"DEBUG=1",
					"$(inherited)",
				);
				GCC_WARN_64_TO_32_BIT_CONVERSION = YES;
				GCC_WARN_ABOUT_RETURN_TYPE = YES_ERROR;
				GCC_WARN_UNDECLARED_SELECTOR = YES;
				GCC_WARN_UNINITIALIZED_AUTOS = YES_AGGRESSIVE;
				GCC_WARN_UNUSED_FUNCTION = YES;
				GCC_WARN_UNUSED_VARIABLE = YES;
				IPHONEOS_DEPLOYMENT_TARGET = 11.2;
				MTL_ENABLE_DEBUG_INFO = YES;
				ONLY_ACTIVE_ARCH = YES;
				SDKROOT = iphoneos;
				SWIFT_ACTIVE_COMPILATION_CONDITIONS = DEBUG;
				SWIFT_OPTIMIZATION_LEVEL = "-Onone";
			};
			name = Debug;
		};
		C31BC2AF2021219A0035FC54 /* Release */ = {
			isa = XCBuildConfiguration;
			buildSettings = {
				ALWAYS_SEARCH_USER_PATHS = NO;
				CLANG_ANALYZER_NONNULL = YES;
				CLANG_ANALYZER_NUMBER_OBJECT_CONVERSION = YES_AGGRESSIVE;
				CLANG_CXX_LANGUAGE_STANDARD = "gnu++14";
				CLANG_CXX_LIBRARY = "libc++";
				CLANG_ENABLE_MODULES = YES;
				CLANG_ENABLE_OBJC_ARC = YES;
				CLANG_WARN_BLOCK_CAPTURE_AUTORELEASING = YES;
				CLANG_WARN_BOOL_CONVERSION = YES;
				CLANG_WARN_COMMA = YES;
				CLANG_WARN_CONSTANT_CONVERSION = YES;
				CLANG_WARN_DIRECT_OBJC_ISA_USAGE = YES_ERROR;
				CLANG_WARN_DOCUMENTATION_COMMENTS = YES;
				CLANG_WARN_EMPTY_BODY = YES;
				CLANG_WARN_ENUM_CONVERSION = YES;
				CLANG_WARN_INFINITE_RECURSION = YES;
				CLANG_WARN_INT_CONVERSION = YES;
				CLANG_WARN_NON_LITERAL_NULL_CONVERSION = YES;
				CLANG_WARN_OBJC_LITERAL_CONVERSION = YES;
				CLANG_WARN_OBJC_ROOT_CLASS = YES_ERROR;
				CLANG_WARN_RANGE_LOOP_ANALYSIS = YES;
				CLANG_WARN_STRICT_PROTOTYPES = YES;
				CLANG_WARN_SUSPICIOUS_MOVE = YES;
				CLANG_WARN_UNGUARDED_AVAILABILITY = YES_AGGRESSIVE;
				CLANG_WARN_UNREACHABLE_CODE = YES;
				CLANG_WARN__DUPLICATE_METHOD_MATCH = YES;
				CODE_SIGN_IDENTITY = "iPhone Developer";
				COPY_PHASE_STRIP = NO;
				DEBUG_INFORMATION_FORMAT = "dwarf-with-dsym";
				ENABLE_NS_ASSERTIONS = NO;
				ENABLE_STRICT_OBJC_MSGSEND = YES;
				GCC_C_LANGUAGE_STANDARD = gnu11;
				GCC_NO_COMMON_BLOCKS = YES;
				GCC_WARN_64_TO_32_BIT_CONVERSION = YES;
				GCC_WARN_ABOUT_RETURN_TYPE = YES_ERROR;
				GCC_WARN_UNDECLARED_SELECTOR = YES;
				GCC_WARN_UNINITIALIZED_AUTOS = YES_AGGRESSIVE;
				GCC_WARN_UNUSED_FUNCTION = YES;
				GCC_WARN_UNUSED_VARIABLE = YES;
				IPHONEOS_DEPLOYMENT_TARGET = 11.2;
				MTL_ENABLE_DEBUG_INFO = NO;
				SDKROOT = iphoneos;
				SWIFT_OPTIMIZATION_LEVEL = "-Owholemodule";
				VALIDATE_PRODUCT = YES;
			};
			name = Release;
		};
		C31BC2B12021219A0035FC54 /* Debug */ = {
			isa = XCBuildConfiguration;
			buildSettings = {
				ASSETCATALOG_COMPILER_APPICON_NAME = AppIcon;
				CODE_SIGN_STYLE = Automatic;
				DEVELOPMENT_TEAM = U5A54XUB2N;
				INFOPLIST_FILE = muro/Info.plist;
				LD_RUNPATH_SEARCH_PATHS = "$(inherited) @executable_path/Frameworks";
				PRODUCT_BUNDLE_IDENTIFIER = mobiCongress.muro;
				PRODUCT_NAME = "$(TARGET_NAME)";
				SWIFT_VERSION = 4.0;
				TARGETED_DEVICE_FAMILY = "1,2";
			};
			name = Debug;
		};
		C31BC2B22021219A0035FC54 /* Release */ = {
			isa = XCBuildConfiguration;
			buildSettings = {
				ASSETCATALOG_COMPILER_APPICON_NAME = AppIcon;
				CODE_SIGN_STYLE = Automatic;
				DEVELOPMENT_TEAM = U5A54XUB2N;
				INFOPLIST_FILE = muro/Info.plist;
				LD_RUNPATH_SEARCH_PATHS = "$(inherited) @executable_path/Frameworks";
				PRODUCT_BUNDLE_IDENTIFIER = mobiCongress.muro;
				PRODUCT_NAME = "$(TARGET_NAME)";
				SWIFT_VERSION = 4.0;
				TARGETED_DEVICE_FAMILY = "1,2";
			};
			name = Release;
		};
		C31BC2B42021219A0035FC54 /* Debug */ = {
			isa = XCBuildConfiguration;
			buildSettings = {
				ALWAYS_EMBED_SWIFT_STANDARD_LIBRARIES = YES;
				BUNDLE_LOADER = "$(TEST_HOST)";
				CODE_SIGN_STYLE = Automatic;
				DEVELOPMENT_TEAM = U5A54XUB2N;
				INFOPLIST_FILE = muroTests/Info.plist;
				LD_RUNPATH_SEARCH_PATHS = "$(inherited) @executable_path/Frameworks @loader_path/Frameworks";
				PRODUCT_BUNDLE_IDENTIFIER = mobiCongress.muroTests;
				PRODUCT_NAME = "$(TARGET_NAME)";
				SWIFT_VERSION = 4.0;
				TARGETED_DEVICE_FAMILY = "1,2";
				TEST_HOST = "$(BUILT_PRODUCTS_DIR)/muro.app/muro";
			};
			name = Debug;
		};
		C31BC2B52021219A0035FC54 /* Release */ = {
			isa = XCBuildConfiguration;
			buildSettings = {
				ALWAYS_EMBED_SWIFT_STANDARD_LIBRARIES = YES;
				BUNDLE_LOADER = "$(TEST_HOST)";
				CODE_SIGN_STYLE = Automatic;
				DEVELOPMENT_TEAM = U5A54XUB2N;
				INFOPLIST_FILE = muroTests/Info.plist;
				LD_RUNPATH_SEARCH_PATHS = "$(inherited) @executable_path/Frameworks @loader_path/Frameworks";
				PRODUCT_BUNDLE_IDENTIFIER = mobiCongress.muroTests;
				PRODUCT_NAME = "$(TARGET_NAME)";
				SWIFT_VERSION = 4.0;
				TARGETED_DEVICE_FAMILY = "1,2";
				TEST_HOST = "$(BUILT_PRODUCTS_DIR)/muro.app/muro";
			};
			name = Release;
		};
		C31BC2B72021219A0035FC54 /* Debug */ = {
			isa = XCBuildConfiguration;
			buildSettings = {
				ALWAYS_EMBED_SWIFT_STANDARD_LIBRARIES = YES;
				CODE_SIGN_STYLE = Automatic;
				DEVELOPMENT_TEAM = U5A54XUB2N;
				INFOPLIST_FILE = muroUITests/Info.plist;
				LD_RUNPATH_SEARCH_PATHS = "$(inherited) @executable_path/Frameworks @loader_path/Frameworks";
				PRODUCT_BUNDLE_IDENTIFIER = mobiCongress.muroUITests;
				PRODUCT_NAME = "$(TARGET_NAME)";
				SWIFT_VERSION = 4.0;
				TARGETED_DEVICE_FAMILY = "1,2";
				TEST_TARGET_NAME = muro;
			};
			name = Debug;
		};
		C31BC2B82021219A0035FC54 /* Release */ = {
			isa = XCBuildConfiguration;
			buildSettings = {
				ALWAYS_EMBED_SWIFT_STANDARD_LIBRARIES = YES;
				CODE_SIGN_STYLE = Automatic;
				DEVELOPMENT_TEAM = U5A54XUB2N;
				INFOPLIST_FILE = muroUITests/Info.plist;
				LD_RUNPATH_SEARCH_PATHS = "$(inherited) @executable_path/Frameworks @loader_path/Frameworks";
				PRODUCT_BUNDLE_IDENTIFIER = mobiCongress.muroUITests;
				PRODUCT_NAME = "$(TARGET_NAME)";
				SWIFT_VERSION = 4.0;
				TARGETED_DEVICE_FAMILY = "1,2";
				TEST_TARGET_NAME = muro;
			};
			name = Release;
		};
/* End XCBuildConfiguration section */

/* Begin XCConfigurationList section */
		C31BC2812021219A0035FC54 /* Build configuration list for PBXProject "muro" */ = {
			isa = XCConfigurationList;
			buildConfigurations = (
				C31BC2AE2021219A0035FC54 /* Debug */,
				C31BC2AF2021219A0035FC54 /* Release */,
			);
			defaultConfigurationIsVisible = 0;
			defaultConfigurationName = Release;
		};
		C31BC2B02021219A0035FC54 /* Build configuration list for PBXNativeTarget "muro" */ = {
			isa = XCConfigurationList;
			buildConfigurations = (
				C31BC2B12021219A0035FC54 /* Debug */,
				C31BC2B22021219A0035FC54 /* Release */,
			);
			defaultConfigurationIsVisible = 0;
			defaultConfigurationName = Release;
		};
		C31BC2B32021219A0035FC54 /* Build configuration list for PBXNativeTarget "muroTests" */ = {
			isa = XCConfigurationList;
			buildConfigurations = (
				C31BC2B42021219A0035FC54 /* Debug */,
				C31BC2B52021219A0035FC54 /* Release */,
			);
			defaultConfigurationIsVisible = 0;
			defaultConfigurationName = Release;
		};
		C31BC2B62021219A0035FC54 /* Build configuration list for PBXNativeTarget "muroUITests" */ = {
			isa = XCConfigurationList;
			buildConfigurations = (
				C31BC2B72021219A0035FC54 /* Debug */,
				C31BC2B82021219A0035FC54 /* Release */,
			);
			defaultConfigurationIsVisible = 0;
			defaultConfigurationName = Release;
		};
/* End XCConfigurationList section */
	};
	rootObject = C31BC27E2021219A0035FC54 /* Project object */;
}
